<?xml version="1.0" encoding="utf-8"?>
<Project ToolsVersion="4.0" xmlns="http://schemas.microsoft.com/developer/msbuild/2003">
  <ItemGroup>
    <Filter Include="99.Default">
      <UniqueIdentifier>{54635ada-1a8e-412e-820b-fbcc35b88c05}</UniqueIdentifier>
    </Filter>
    <Filter Include="00.View">
      <UniqueIdentifier>{e340c1ff-3c6b-4b18-a874-ee12f0837cc5}</UniqueIdentifier>
    </Filter>
    <Filter Include="02.Doc">
      <UniqueIdentifier>{e50570cf-e702-4348-b4ec-431195797803}</UniqueIdentifier>
    </Filter>
    <Filter Include="98.Headers">
      <UniqueIdentifier>{b70ba477-1c21-43ac-92f7-3629df11d6d3}</UniqueIdentifier>
    </Filter>
    <Filter Include="04.Texture">
      <UniqueIdentifier>{b781cae3-fa71-45ac-b0bd-b0e5dfacdbc5}</UniqueIdentifier>
    </Filter>
    <Filter Include="04.Texture\SingleTexture">
      <UniqueIdentifier>{47fa6ae7-15dd-48fe-af13-0159681410aa}</UniqueIdentifier>
    </Filter>
    <Filter Include="04.Texture\MultiTexture">
      <UniqueIdentifier>{e2a30e3a-db77-4d29-a04b-350207813992}</UniqueIdentifier>
    </Filter>
    <Filter Include="04.Texture\Manager">
      <UniqueIdentifier>{5acbddc3-8a59-4808-8e87-954f8d49c91f}</UniqueIdentifier>
    </Filter>
    <Filter Include="05.Terrain">
      <UniqueIdentifier>{85f34618-59fd-4550-926a-3bc5293dd203}</UniqueIdentifier>
    </Filter>
    <Filter Include="00.View\MyFormView">
      <UniqueIdentifier>{af2bc7e8-b7e6-4f52-8946-109a5954893b}</UniqueIdentifier>
    </Filter>
    <Filter Include="00.View\MapTool">
      <UniqueIdentifier>{81a71d89-933c-4299-a8cd-0c35238f020b}</UniqueIdentifier>
    </Filter>
    <Filter Include="06.FileInfo">
      <UniqueIdentifier>{c2a3525b-75a6-4f0f-ba37-f316905ade4c}</UniqueIdentifier>
    </Filter>
    <Filter Include="01.Frame">
      <UniqueIdentifier>{965b707c-5342-4500-976a-0303ab721daa}</UniqueIdentifier>
    </Filter>
    <Filter Include="07. Logo">
      <UniqueIdentifier>{c5d7dd54-2c57-4eb4-ac51-da77b0f3f7d1}</UniqueIdentifier>
    </Filter>
    <Filter Include="97.Terrain">
      <UniqueIdentifier>{febc0a90-b1c1-4fc9-9ecd-bdd0a34b2c06}</UniqueIdentifier>
    </Filter>
    <Filter Include="96.DynamicCamera">
      <UniqueIdentifier>{ceca1fc5-682c-4767-8378-fab204991c05}</UniqueIdentifier>
    </Filter>
    <Filter Include="95. GameObject">
      <UniqueIdentifier>{2a9a15fb-3111-425f-81c1-c848699ad061}</UniqueIdentifier>
    </Filter>
    <Filter Include="00.View\MyFormView\Pages">
      <UniqueIdentifier>{1a276f88-ac93-4705-8604-ee5eb873cc84}</UniqueIdentifier>
    </Filter>
    <Filter Include="94. VertexManager">
      <UniqueIdentifier>{23f73007-1fb3-4537-9e3b-7de008eb1c27}</UniqueIdentifier>
    </Filter>
  </ItemGroup>
  <ItemGroup>
    <ClInclude Include="Resource.h">
      <Filter>99.Default</Filter>
    </ClInclude>
    <ClInclude Include="stdafx.h">
      <Filter>99.Default</Filter>
    </ClInclude>
    <ClInclude Include="targetver.h">
      <Filter>99.Default</Filter>
    </ClInclude>
    <ClInclude Include="..\Code\MapTool.h">
      <Filter>00.View\MapTool</Filter>
    </ClInclude>
    <ClInclude Include="..\Code\Form.h">
      <Filter>00.View\MyFormView</Filter>
    </ClInclude>
    <ClInclude Include="..\Code\MainFrm.h">
      <Filter>01.Frame</Filter>
    </ClInclude>
    <ClInclude Include="..\Code\MFCToolDoc.h">
      <Filter>02.Doc</Filter>
    </ClInclude>
    <ClInclude Include="..\Code\Texture_Manager.h">
      <Filter>04.Texture\Manager</Filter>
    </ClInclude>
    <ClInclude Include="..\Code\MultiTex.h">
      <Filter>04.Texture\MultiTexture</Filter>
    </ClInclude>
    <ClInclude Include="..\Code\Texture.h">
      <Filter>04.Texture</Filter>
    </ClInclude>
    <ClInclude Include="..\Code\SingleTex.h">
      <Filter>04.Texture\SingleTexture</Filter>
    </ClInclude>
    <ClInclude Include="..\Code\Terrain.h">
      <Filter>05.Terrain</Filter>
    </ClInclude>
    <ClInclude Include="..\Code\FileInfo.h">
      <Filter>06.FileInfo</Filter>
    </ClInclude>
    <ClInclude Include="..\Header\Define.h">
      <Filter>98.Headers</Filter>
    </ClInclude>
    <ClInclude Include="..\Header\Enum.h">
      <Filter>98.Headers</Filter>
    </ClInclude>
    <ClInclude Include="..\Header\Function.h">
      <Filter>98.Headers</Filter>
    </ClInclude>
    <ClInclude Include="..\Header\Struct.h">
      <Filter>98.Headers</Filter>
    </ClInclude>
    <ClInclude Include="..\Header\Typedef.h">
      <Filter>98.Headers</Filter>
    </ClInclude>
    <ClInclude Include="MFCTool.h">
      <Filter>99.Default</Filter>
    </ClInclude>
    <ClInclude Include="..\Header\Macro.h">
      <Filter>98.Headers</Filter>
    </ClInclude>
    <ClInclude Include="..\Code\MFCToolView.h">
      <Filter>00.View</Filter>
    </ClInclude>
    <ClInclude Include="..\Code\Stage.h">
      <Filter>07. Logo</Filter>
    </ClInclude>
    <ClInclude Include="..\Code\MFC_Terrain.h">
      <Filter>97.Terrain</Filter>
    </ClInclude>
    <ClInclude Include="..\Code\SphereMesh.h">
      <Filter>95. GameObject</Filter>
    </ClInclude>
    <ClInclude Include="..\Code\VertexManager.h">
      <Filter>94. VertexManager</Filter>
    </ClInclude>
    <ClInclude Include="..\Code\TerrainTri.h">
      <Filter>95. GameObject</Filter>
    </ClInclude>
    <ClInclude Include="..\Code\MeshPage.h">
      <Filter>00.View\MyFormView\Pages</Filter>
    </ClInclude>
    <ClInclude Include="..\Code\TerrainPage.h">
      <Filter>00.View\MyFormView\Pages</Filter>
    </ClInclude>
    <ClInclude Include="..\Code\DynamicCamera.h">
      <Filter>96.DynamicCamera</Filter>
    </ClInclude>
    <ClInclude Include="..\Code\PKH.h">
      <Filter>00.View\MyFormView\Pages</Filter>
    </ClInclude>
    <ClInclude Include="..\Code\MFCStone.h">
      <Filter>95. GameObject</Filter>
    </ClInclude>
  </ItemGroup>
  <ItemGroup>
    <ClCompile Include="stdafx.cpp">
      <Filter>99.Default</Filter>
    </ClCompile>
    <ClCompile Include="..\Code\MapTool.cpp">
      <Filter>00.View\MapTool</Filter>
    </ClCompile>
    <ClCompile Include="..\Code\Form.cpp">
      <Filter>00.View\MyFormView</Filter>
    </ClCompile>
    <ClCompile Include="..\Code\MFCToolView.cpp">
      <Filter>00.View</Filter>
    </ClCompile>
    <ClCompile Include="..\Code\MainFrm.cpp">
      <Filter>01.Frame</Filter>
    </ClCompile>
    <ClCompile Include="..\Code\MFCToolDoc.cpp">
      <Filter>02.Doc</Filter>
    </ClCompile>
    <ClCompile Include="..\Code\Texture_Manager.cpp">
      <Filter>04.Texture\Manager</Filter>
    </ClCompile>
    <ClCompile Include="..\Code\MultiTex.cpp">
      <Filter>04.Texture\MultiTexture</Filter>
    </ClCompile>
    <ClCompile Include="..\Code\Texture.cpp">
      <Filter>04.Texture</Filter>
    </ClCompile>
    <ClCompile Include="..\Code\SingleTex.cpp">
      <Filter>04.Texture\SingleTexture</Filter>
    </ClCompile>
    <ClCompile Include="..\Code\Terrain.cpp">
      <Filter>05.Terrain</Filter>
    </ClCompile>
    <ClCompile Include="..\Code\FileInfo.cpp">
      <Filter>06.FileInfo</Filter>
    </ClCompile>
    <ClCompile Include="MFCTool.cpp">
      <Filter>99.Default</Filter>
    </ClCompile>
    <ClCompile Include="..\Code\Stage.cpp">
      <Filter>07. Logo</Filter>
    </ClCompile>
    <ClCompile Include="..\Code\MFC_Terrain.cpp">
      <Filter>97.Terrain</Filter>
    </ClCompile>
    <ClCompile Include="..\Code\SphereMesh.cpp">
      <Filter>95. GameObject</Filter>
    </ClCompile>
    <ClCompile Include="..\Code\VertexManager.cpp">
      <Filter>94. VertexManager</Filter>
    </ClCompile>
    <ClCompile Include="..\Code\TerrainTri.cpp">
      <Filter>95. GameObject</Filter>
    </ClCompile>
    <ClCompile Include="..\Code\MeshPage.cpp">
      <Filter>00.View\MyFormView\Pages</Filter>
    </ClCompile>
    <ClCompile Include="..\Code\TerrainPage.cpp">
      <Filter>00.View\MyFormView\Pages</Filter>
    </ClCompile>
    <ClCompile Include="..\Code\DynamicCamera.cpp">
      <Filter>96.DynamicCamera</Filter>
    </ClCompile>
    <ClCompile Include="..\Code\PKH.cpp">
      <Filter>00.View\MyFormView\Pages</Filter>
    </ClCompile>
    <ClCompile Include="..\Code\MFCStone.cpp">
      <Filter>95. GameObject</Filter>
    </ClCompile>
  </ItemGroup>
  <ItemGroup>
    <Image Include="res\MFCTool.ico">
      <Filter>99.Default</Filter>
    </Image>
    <Image Include="res\MFCToolDoc.ico">
      <Filter>99.Default</Filter>
    </Image>
    <Image Include="res\Toolbar.bmp">
      <Filter>99.Default</Filter>
    </Image>
  </ItemGroup>
  <ItemGroup>
    <None Include="res\MFCTool.rc2">
      <Filter>99.Default</Filter>
    </None>
  </ItemGroup>
  <ItemGroup>
    <Text Include="ReadMe.txt">
      <Filter>99.Default</Filter>
    </Text>
  </ItemGroup>
  <ItemGroup>
    <ResourceCompile Include="MFCTool.rc">
      <Filter>99.Default</Filter>
    </ResourceCompile>
  </ItemGroup>
</Project>